
Microsoft Visual Studio Solution File, Format Version 12.00
# Visual Studio 15
Project("{FAE04EC0-301F-11D3-BF4B-00C04F79EFBC}") = "Assembly-CSharp", "Assembly-CSharp.csproj", "{0CCE16F2-CC73-F6B5-B475-E57F691E379A}"
EndProject
Project("{FAE04EC0-301F-11D3-BF4B-00C04F79EFBC}") = "OccaSoftware.Crosshairs.Editor", "OccaSoftware.Crosshairs.Editor.csproj", "{01EF9D10-B6DD-2F1F-540C-54C2A141F6B1}"
EndProject
Global
	GlobalSection(SolutionConfigurationPlatforms) = preSolution
		Debug|Any CPU = Debug|Any CPU
		Release|Any CPU = Release|Any CPU
	EndGlobalSection
	GlobalSection(ProjectConfigurationPlatforms) = postSolution
		{0CCE16F2-CC73-F6B5-B475-E57F691E379A}.Debug|Any CPU.ActiveCfg = Debug|Any CPU
		{0CCE16F2-CC73-F6B5-B475-E57F691E379A}.Debug|Any CPU.Build.0 = Debug|Any CPU
		{0CCE16F2-CC73-F6B5-B475-E57F691E379A}.Release|Any CPU.ActiveCfg = Release|Any CPU
		{0CCE16F2-CC73-F6B5-B475-E57F691E379A}.Release|Any CPU.Build.0 = Release|Any CPU
		{01EF9D10-B6DD-2F1F-540C-54C2A141F6B1}.Debug|Any CPU.ActiveCfg = Debug|Any CPU
		{01EF9D10-B6DD-2F1F-540C-54C2A141F6B1}.Debug|Any CPU.Build.0 = Debug|Any CPU
		{01EF9D10-B6DD-2F1F-540C-54C2A141F6B1}.Release|Any CPU.ActiveCfg = Release|Any CPU
		{01EF9D10-B6DD-2F1F-540C-54C2A141F6B1}.Release|Any CPU.Build.0 = Release|Any CPU
	EndGlobalSection
	GlobalSection(SolutionProperties) = preSolution
		HideSolutionNode = FALSE
	EndGlobalSection
EndGlobal
